Microsoft Visual Studio Solution File, Format Version 12.00
# Visual Studio Version 17
VisualStudioVersion = 17.0.31903.59
MinimumVisualStudioVersion = 10.0.40219.1
Project("{FAE04EC0-301F-11D3-BF4B-00C04F79EFBC}") = "BackgroundEventHandlerExample", "BackgroundEventHandlerExample\BackgroundEventHandlerExample.csproj", "{932B7F6B-BF46-47BD-9025-76B097684782}"
EndProject
Project("{FAE04EC0-301F-11D3-BF4B-00C04F79EFBC}") = "BackgroundEventHandlerExample.Tests", "BackgroundEventHandlerExample.Tests\BackgroundEventHandlerExample.Tests.csproj", "{FD3F5DCF-12C2-4480-8490-859C26F3200F}"
EndProject
Global
	GlobalSection(SolutionConfigurationPlatforms) = preSolution
		Debug|Any CPU = Debug|Any CPU
		Release|Any CPU = Release|Any CPU
	EndGlobalSection
	GlobalSection(SolutionProperties) = preSolution
		HideSolutionNode = FALSE
	EndGlobalSection
	GlobalSection(ProjectConfigurationPlatforms) = postSolution
		{932B7F6B-BF46-47BD-9025-76B097684782}.Debug|Any CPU.ActiveCfg = Debug|Any CPU
		{932B7F6B-BF46-47BD-9025-76B097684782}.Debug|Any CPU.Build.0 = Debug|Any CPU
		{932B7F6B-BF46-47BD-9025-76B097684782}.Release|Any CPU.ActiveCfg = Release|Any CPU
		{932B7F6B-BF46-47BD-9025-76B097684782}.Release|Any CPU.Build.0 = Release|Any CPU
		{FD3F5DCF-12C2-4480-8490-859C26F3200F}.Debug|Any CPU.ActiveCfg = Debug|Any CPU
		{FD3F5DCF-12C2-4480-8490-859C26F3200F}.Debug|Any CPU.Build.0 = Debug|Any CPU
		{FD3F5DCF-12C2-4480-8490-859C26F3200F}.Release|Any CPU.ActiveCfg = Release|Any CPU
		{FD3F5DCF-12C2-4480-8490-859C26F3200F}.Release|Any CPU.Build.0 = Release|Any CPU
	EndGlobalSection
EndGlobal
